// !$*UTF8*$!
{
	archiveVersion = 1;
	classes = {
	};
	objectVersion = 50;
	objects = {

/* Begin PBXBuildFile section */
		A458410424D2668C00414B82 /* Tests_iOS.swift in Sources */ = {isa = PBXBuildFile; fileRef = A458410324D2668C00414B82 /* Tests_iOS.swift */; };
		A458410F24D2668C00414B82 /* Tests_macOS.swift in Sources */ = {isa = PBXBuildFile; fileRef = A458410E24D2668C00414B82 /* Tests_macOS.swift */; };
		A458411124D2668C00414B82 /* DesignCodeCourseApp.swift in Sources */ = {isa = PBXBuildFile; fileRef = A45840E824D2668B00414B82 /* DesignCodeCourseApp.swift */; };
		A458411224D2668C00414B82 /* DesignCodeCourseApp.swift in Sources */ = {isa = PBXBuildFile; fileRef = A45840E824D2668B00414B82 /* DesignCodeCourseApp.swift */; };
		A458411324D2668C00414B82 /* ContentView.swift in Sources */ = {isa = PBXBuildFile; fileRef = A45840E924D2668B00414B82 /* ContentView.swift */; };
		A458411424D2668C00414B82 /* ContentView.swift in Sources */ = {isa = PBXBuildFile; fileRef = A45840E924D2668B00414B82 /* ContentView.swift */; };
		A458411524D2668C00414B82 /* Assets.xcassets in Resources */ = {isa = PBXBuildFile; fileRef = A45840EA24D2668C00414B82 /* Assets.xcassets */; };
		A458411624D2668C00414B82 /* Assets.xcassets in Resources */ = {isa = PBXBuildFile; fileRef = A45840EA24D2668C00414B82 /* Assets.xcassets */; };
		A4D1C02E24D279D4000E8D37 /* CourseRow.swift in Sources */ = {isa = PBXBuildFile; fileRef = A4D1C02D24D279D4000E8D37 /* CourseRow.swift */; };
		A4D1C02F24D279D4000E8D37 /* CourseRow.swift in Sources */ = {isa = PBXBuildFile; fileRef = A4D1C02D24D279D4000E8D37 /* CourseRow.swift */; };
		A4D1C03124D27BE3000E8D37 /* CoursesView.swift in Sources */ = {isa = PBXBuildFile; fileRef = A4D1C03024D27BE3000E8D37 /* CoursesView.swift */; };
		A4D1C03224D27BE3000E8D37 /* CoursesView.swift in Sources */ = {isa = PBXBuildFile; fileRef = A4D1C03024D27BE3000E8D37 /* CoursesView.swift */; };
		A4D1C03424D27C85000E8D37 /* Sidebar.swift in Sources */ = {isa = PBXBuildFile; fileRef = A4D1C03324D27C85000E8D37 /* Sidebar.swift */; };
		A4D1C03524D27C85000E8D37 /* Sidebar.swift in Sources */ = {isa = PBXBuildFile; fileRef = A4D1C03324D27C85000E8D37 /* Sidebar.swift */; };
		A4ECA09C24D2826100930BF7 /* CourseItem.swift in Sources */ = {isa = PBXBuildFile; fileRef = A4ECA09B24D2826100930BF7 /* CourseItem.swift */; };
		A4ECA09D24D2826100930BF7 /* CourseItem.swift in Sources */ = {isa = PBXBuildFile; fileRef = A4ECA09B24D2826100930BF7 /* CourseItem.swift */; };
		A4ECA0A124D2838C00930BF7 /* CourseList.swift in Sources */ = {isa = PBXBuildFile; fileRef = A4ECA0A024D2838C00930BF7 /* CourseList.swift */; };
		A4ECA0A224D2838C00930BF7 /* CourseList.swift in Sources */ = {isa = PBXBuildFile; fileRef = A4ECA0A024D2838C00930BF7 /* CourseList.swift */; };
		A4FBC91E24D2AB3400CB6BB5 /* Course.swift in Sources */ = {isa = PBXBuildFile; fileRef = A4FBC91D24D2AB3400CB6BB5 /* Course.swift */; };
		A4FBC91F24D2AB3400CB6BB5 /* Course.swift in Sources */ = {isa = PBXBuildFile; fileRef = A4FBC91D24D2AB3400CB6BB5 /* Course.swift */; };
		A4FBC92224D329F800CB6BB5 /* CloseButton.swift in Sources */ = {isa = PBXBuildFile; fileRef = A4FBC92124D329F800CB6BB5 /* CloseButton.swift */; };
		A4FBC92324D329F800CB6BB5 /* CloseButton.swift in Sources */ = {isa = PBXBuildFile; fileRef = A4FBC92124D329F800CB6BB5 /* CloseButton.swift */; };
		A4FBC92524D32B7000CB6BB5 /* CourseDetail.swift in Sources */ = {isa = PBXBuildFile; fileRef = A4FBC92424D32B7000CB6BB5 /* CourseDetail.swift */; };
		A4FBC92624D32B7000CB6BB5 /* CourseDetail.swift in Sources */ = {isa = PBXBuildFile; fileRef = A4FBC92424D32B7000CB6BB5 /* CourseDetail.swift */; };
		A4FBC92E24D32CB300CB6BB5 /* Livestream.swift in Sources */ = {isa = PBXBuildFile; fileRef = A4FBC92724D32CB200CB6BB5 /* Livestream.swift */; };
		A4FBC92F24D32CB300CB6BB5 /* Livestream.swift in Sources */ = {isa = PBXBuildFile; fileRef = A4FBC92724D32CB200CB6BB5 /* Livestream.swift */; };
		A4FBC93024D32CB300CB6BB5 /* TutorialSection.swift in Sources */ = {isa = PBXBuildFile; fileRef = A4FBC92824D32CB200CB6BB5 /* TutorialSection.swift */; };
		A4FBC93124D32CB300CB6BB5 /* TutorialSection.swift in Sources */ = {isa = PBXBuildFile; fileRef = A4FBC92824D32CB200CB6BB5 /* TutorialSection.swift */; };
		A4FBC93224D32CB300CB6BB5 /* GradientModel.swift in Sources */ = {isa = PBXBuildFile; fileRef = A4FBC92924D32CB200CB6BB5 /* GradientModel.swift */; };
		A4FBC93324D32CB300CB6BB5 /* GradientModel.swift in Sources */ = {isa = PBXBuildFile; fileRef = A4FBC92924D32CB200CB6BB5 /* GradientModel.swift */; };
		A4FBC93424D32CB300CB6BB5 /* Download.swift in Sources */ = {isa = PBXBuildFile; fileRef = A4FBC92A24D32CB300CB6BB5 /* Download.swift */; };
		A4FBC93524D32CB300CB6BB5 /* Download.swift in Sources */ = {isa = PBXBuildFile; fileRef = A4FBC92A24D32CB300CB6BB5 /* Download.swift */; };
		A4FBC93624D32CB300CB6BB5 /* Tutorial.swift in Sources */ = {isa = PBXBuildFile; fileRef = A4FBC92B24D32CB300CB6BB5 /* Tutorial.swift */; };
		A4FBC93724D32CB300CB6BB5 /* Tutorial.swift in Sources */ = {isa = PBXBuildFile; fileRef = A4FBC92B24D32CB300CB6BB5 /* Tutorial.swift */; };
		A4FBC93824D32CB300CB6BB5 /* CourseSection.swift in Sources */ = {isa = PBXBuildFile; fileRef = A4FBC92C24D32CB300CB6BB5 /* CourseSection.swift */; };
		A4FBC93924D32CB300CB6BB5 /* CourseSection.swift in Sources */ = {isa = PBXBuildFile; fileRef = A4FBC92C24D32CB300CB6BB5 /* CourseSection.swift */; };
		A4FBC93A24D32CB300CB6BB5 /* LivestreamSection.swift in Sources */ = {isa = PBXBuildFile; fileRef = A4FBC92D24D32CB300CB6BB5 /* LivestreamSection.swift */; };
		A4FBC93B24D32CB300CB6BB5 /* LivestreamSection.swift in Sources */ = {isa = PBXBuildFile; fileRef = A4FBC92D24D32CB300CB6BB5 /* LivestreamSection.swift */; };
		A4FBC93D24D32E6500CB6BB5 /* VisualEffectBlur.swift in Sources */ = {isa = PBXBuildFile; fileRef = A4FBC93C24D32E6500CB6BB5 /* VisualEffectBlur.swift */; };
		A4FBC93F24D32E6E00CB6BB5 /* VisualEffectBlur.swift in Sources */ = {isa = PBXBuildFile; fileRef = A4FBC93E24D32E6E00CB6BB5 /* VisualEffectBlur.swift */; };
		A4FBC94124D33F1F00CB6BB5 /* TabBar.swift in Sources */ = {isa = PBXBuildFile; fileRef = A4FBC94024D33F1F00CB6BB5 /* TabBar.swift */; };
		A4FBC94924D3482000CB6BB5 /* WidgetKit.framework in Frameworks */ = {isa = PBXBuildFile; fileRef = A4FBC94824D3482000CB6BB5 /* WidgetKit.framework */; };
		A4FBC94B24D3482000CB6BB5 /* SwiftUI.framework in Frameworks */ = {isa = PBXBuildFile; fileRef = A4FBC94A24D3482000CB6BB5 /* SwiftUI.framework */; };
		A4FBC94E24D3482000CB6BB5 /* DesignCodeWidget.swift in Sources */ = {isa = PBXBuildFile; fileRef = A4FBC94D24D3482000CB6BB5 /* DesignCodeWidget.swift */; };
		A4FBC95124D3482200CB6BB5 /* Assets.xcassets in Resources */ = {isa = PBXBuildFile; fileRef = A4FBC95024D3482200CB6BB5 /* Assets.xcassets */; };
		A4FBC95324D3482200CB6BB5 /* DesignCodeWidget.intentdefinition in Sources */ = {isa = PBXBuildFile; fileRef = A4FBC94F24D3482000CB6BB5 /* DesignCodeWidget.intentdefinition */; };
		A4FBC95424D3482200CB6BB5 /* DesignCodeWidget.intentdefinition in Sources */ = {isa = PBXBuildFile; fileRef = A4FBC94F24D3482000CB6BB5 /* DesignCodeWidget.intentdefinition */; };
		A4FBC95724D3482200CB6BB5 /* DesignCodeWidgetExtension.appex in Embed App Extensions */ = {isa = PBXBuildFile; fileRef = A4FBC94624D3482000CB6BB5 /* DesignCodeWidgetExtension.appex */; settings = {ATTRIBUTES = (RemoveHeadersOnCopy, ); }; };
		A4FBC95C24D349DF00CB6BB5 /* CourseRow.swift in Sources */ = {isa = PBXBuildFile; fileRef = A4D1C02D24D279D4000E8D37 /* CourseRow.swift */; };
		A4FBC95D24D349FD00CB6BB5 /* Course.swift in Sources */ = {isa = PBXBuildFile; fileRef = A4FBC91D24D2AB3400CB6BB5 /* Course.swift */; };
		A4FBC95E24D34A0300CB6BB5 /* Assets.xcassets in Resources */ = {isa = PBXBuildFile; fileRef = A45840EA24D2668C00414B82 /* Assets.xcassets */; };
		A4FBC95F24D34A3600CB6BB5 /* CourseSection.swift in Sources */ = {isa = PBXBuildFile; fileRef = A4FBC92C24D32CB300CB6BB5 /* CourseSection.swift */; };
/* End PBXBuildFile section */

/* Begin PBXContainerItemProxy section */
		A458410024D2668C00414B82 /* PBXContainerItemProxy */ = {
			isa = PBXContainerItemProxy;
			containerPortal = A45840E324D2668B00414B82 /* Project object */;
			proxyType = 1;
			remoteGlobalIDString = A45840EE24D2668C00414B82;
			remoteInfo = "DesignCodeCourse (iOS)";
		};
		A458410B24D2668C00414B82 /* PBXContainerItemProxy */ = {
			isa = PBXContainerItemProxy;
			containerPortal = A45840E324D2668B00414B82 /* Project object */;
			proxyType = 1;
			remoteGlobalIDString = A45840F624D2668C00414B82;
			remoteInfo = "DesignCodeCourse (macOS)";
		};
		A4FBC95524D3482200CB6BB5 /* PBXContainerItemProxy */ = {
			isa = PBXContainerItemProxy;
			containerPortal = A45840E324D2668B00414B82 /* Project object */;
			proxyType = 1;
			remoteGlobalIDString = A4FBC94524D3482000CB6BB5;
			remoteInfo = DesignCodeWidgetExtension;
		};
/* End PBXContainerItemProxy section */

/* Begin PBXCopyFilesBuildPhase section */
		A4FBC95B24D3482200CB6BB5 /* Embed App Extensions */ = {
			isa = PBXCopyFilesBuildPhase;
			buildActionMask = 2147483647;
			dstPath = "";
			dstSubfolderSpec = 13;
			files = (
				A4FBC95724D3482200CB6BB5 /* DesignCodeWidgetExtension.appex in Embed App Extensions */,
			);
			name = "Embed App Extensions";
			runOnlyForDeploymentPostprocessing = 0;
		};
/* End PBXCopyFilesBuildPhase section */

/* Begin PBXFileReference section */
		A45840E824D2668B00414B82 /* DesignCodeCourseApp.swift */ = {isa = PBXFileReference; lastKnownFileType = sourcecode.swift; path = DesignCodeCourseApp.swift; sourceTree = "<group>"; };
		A45840E924D2668B00414B82 /* ContentView.swift */ = {isa = PBXFileReference; lastKnownFileType = sourcecode.swift; path = ContentView.swift; sourceTree = "<group>"; };
		A45840EA24D2668C00414B82 /* Assets.xcassets */ = {isa = PBXFileReference; lastKnownFileType = folder.assetcatalog; path = Assets.xcassets; sourceTree = "<group>"; };
		A45840EF24D2668C00414B82 /* DesignCodeCourse.app */ = {isa = PBXFileReference; explicitFileType = wrapper.application; includeInIndex = 0; path = DesignCodeCourse.app; sourceTree = BUILT_PRODUCTS_DIR; };
		A45840F224D2668C00414B82 /* Info.plist */ = {isa = PBXFileReference; lastKnownFileType = text.plist.xml; path = Info.plist; sourceTree = "<group>"; };
		A45840F724D2668C00414B82 /* DesignCodeCourse.app */ = {isa = PBXFileReference; explicitFileType = wrapper.application; includeInIndex = 0; path = DesignCodeCourse.app; sourceTree = BUILT_PRODUCTS_DIR; };
		A45840F924D2668C00414B82 /* Info.plist */ = {isa = PBXFileReference; lastKnownFileType = text.plist.xml; path = Info.plist; sourceTree = "<group>"; };
		A45840FA24D2668C00414B82 /* macOS.entitlements */ = {isa = PBXFileReference; lastKnownFileType = text.plist.entitlements; path = macOS.entitlements; sourceTree = "<group>"; };
		A45840FF24D2668C00414B82 /* Tests iOS.xctest */ = {isa = PBXFileReference; explicitFileType = wrapper.cfbundle; includeInIndex = 0; path = "Tests iOS.xctest"; sourceTree = BUILT_PRODUCTS_DIR; };
		A458410324D2668C00414B82 /* Tests_iOS.swift */ = {isa = PBXFileReference; lastKnownFileType = sourcecode.swift; path = Tests_iOS.swift; sourceTree = "<group>"; };
		A458410524D2668C00414B82 /* Info.plist */ = {isa = PBXFileReference; lastKnownFileType = text.plist.xml; path = Info.plist; sourceTree = "<group>"; };
		A458410A24D2668C00414B82 /* Tests macOS.xctest */ = {isa = PBXFileReference; explicitFileType = wrapper.cfbundle; includeInIndex = 0; path = "Tests macOS.xctest"; sourceTree = BUILT_PRODUCTS_DIR; };
		A458410E24D2668C00414B82 /* Tests_macOS.swift */ = {isa = PBXFileReference; lastKnownFileType = sourcecode.swift; path = Tests_macOS.swift; sourceTree = "<group>"; };
		A458411024D2668C00414B82 /* Info.plist */ = {isa = PBXFileReference; lastKnownFileType = text.plist.xml; path = Info.plist; sourceTree = "<group>"; };
		A4D1C02D24D279D4000E8D37 /* CourseRow.swift */ = {isa = PBXFileReference; lastKnownFileType = sourcecode.swift; path = CourseRow.swift; sourceTree = "<group>"; };
		A4D1C03024D27BE3000E8D37 /* CoursesView.swift */ = {isa = PBXFileReference; lastKnownFileType = sourcecode.swift; path = CoursesView.swift; sourceTree = "<group>"; };
		A4D1C03324D27C85000E8D37 /* Sidebar.swift */ = {isa = PBXFileReference; lastKnownFileType = sourcecode.swift; path = Sidebar.swift; sourceTree = "<group>"; };
		A4ECA09B24D2826100930BF7 /* CourseItem.swift */ = {isa = PBXFileReference; lastKnownFileType = sourcecode.swift; path = CourseItem.swift; sourceTree = "<group>"; };
		A4ECA0A024D2838C00930BF7 /* CourseList.swift */ = {isa = PBXFileReference; lastKnownFileType = sourcecode.swift; path = CourseList.swift; sourceTree = "<group>"; };
		A4FBC91D24D2AB3400CB6BB5 /* Course.swift */ = {isa = PBXFileReference; lastKnownFileType = sourcecode.swift; path = Course.swift; sourceTree = "<group>"; };
		A4FBC92124D329F800CB6BB5 /* CloseButton.swift */ = {isa = PBXFileReference; lastKnownFileType = sourcecode.swift; path = CloseButton.swift; sourceTree = "<group>"; };
		A4FBC92424D32B7000CB6BB5 /* CourseDetail.swift */ = {isa = PBXFileReference; lastKnownFileType = sourcecode.swift; path = CourseDetail.swift; sourceTree = "<group>"; };
		A4FBC92724D32CB200CB6BB5 /* Livestream.swift */ = {isa = PBXFileReference; fileEncoding = 4; lastKnownFileType = sourcecode.swift; path = Livestream.swift; sourceTree = "<group>"; };
		A4FBC92824D32CB200CB6BB5 /* TutorialSection.swift */ = {isa = PBXFileReference; fileEncoding = 4; lastKnownFileType = sourcecode.swift; path = TutorialSection.swift; sourceTree = "<group>"; };
		A4FBC92924D32CB200CB6BB5 /* GradientModel.swift */ = {isa = PBXFileReference; fileEncoding = 4; lastKnownFileType = sourcecode.swift; path = GradientModel.swift; sourceTree = "<group>"; };
		A4FBC92A24D32CB300CB6BB5 /* Download.swift */ = {isa = PBXFileReference; fileEncoding = 4; lastKnownFileType = sourcecode.swift; path = Download.swift; sourceTree = "<group>"; };
		A4FBC92B24D32CB300CB6BB5 /* Tutorial.swift */ = {isa = PBXFileReference; fileEncoding = 4; lastKnownFileType = sourcecode.swift; path = Tutorial.swift; sourceTree = "<group>"; };
		A4FBC92C24D32CB300CB6BB5 /* CourseSection.swift */ = {isa = PBXFileReference; fileEncoding = 4; lastKnownFileType = sourcecode.swift; path = CourseSection.swift; sourceTree = "<group>"; };
		A4FBC92D24D32CB300CB6BB5 /* LivestreamSection.swift */ = {isa = PBXFileReference; fileEncoding = 4; lastKnownFileType = sourcecode.swift; path = LivestreamSection.swift; sourceTree = "<group>"; };
		A4FBC93C24D32E6500CB6BB5 /* VisualEffectBlur.swift */ = {isa = PBXFileReference; fileEncoding = 4; lastKnownFileType = sourcecode.swift; path = VisualEffectBlur.swift; sourceTree = "<group>"; };
		A4FBC93E24D32E6E00CB6BB5 /* VisualEffectBlur.swift */ = {isa = PBXFileReference; fileEncoding = 4; lastKnownFileType = sourcecode.swift; path = VisualEffectBlur.swift; sourceTree = "<group>"; };
		A4FBC94024D33F1F00CB6BB5 /* TabBar.swift */ = {isa = PBXFileReference; lastKnownFileType = sourcecode.swift; path = TabBar.swift; sourceTree = "<group>"; };
		A4FBC94624D3482000CB6BB5 /* DesignCodeWidgetExtension.appex */ = {isa = PBXFileReference; explicitFileType = "wrapper.app-extension"; includeInIndex = 0; path = DesignCodeWidgetExtension.appex; sourceTree = BUILT_PRODUCTS_DIR; };
		A4FBC94824D3482000CB6BB5 /* WidgetKit.framework */ = {isa = PBXFileReference; lastKnownFileType = wrapper.framework; name = WidgetKit.framework; path = System/Library/Frameworks/WidgetKit.framework; sourceTree = SDKROOT; };
		A4FBC94A24D3482000CB6BB5 /* SwiftUI.framework */ = {isa = PBXFileReference; lastKnownFileType = wrapper.framework; name = SwiftUI.framework; path = System/Library/Frameworks/SwiftUI.framework; sourceTree = SDKROOT; };
		A4FBC94D24D3482000CB6BB5 /* DesignCodeWidget.swift */ = {isa = PBXFileReference; lastKnownFileType = sourcecode.swift; path = DesignCodeWidget.swift; sourceTree = "<group>"; };
		A4FBC94F24D3482000CB6BB5 /* DesignCodeWidget.intentdefinition */ = {isa = PBXFileReference; lastKnownFileType = file.intentdefinition; path = DesignCodeWidget.intentdefinition; sourceTree = "<group>"; };
		A4FBC95024D3482200CB6BB5 /* Assets.xcassets */ = {isa = PBXFileReference; lastKnownFileType = folder.assetcatalog; path = Assets.xcassets; sourceTree = "<group>"; };
		A4FBC95224D3482200CB6BB5 /* Info.plist */ = {isa = PBXFileReference; lastKnownFileType = text.plist.xml; path = Info.plist; sourceTree = "<group>"; };
/* End PBXFileReference section */

/* Begin PBXFrameworksBuildPhase section */
		A45840EC24D2668C00414B82 /* Frameworks */ = {
			isa = PBXFrameworksBuildPhase;
			buildActionMask = 2147483647;
			files = (
			);
			runOnlyForDeploymentPostprocessing = 0;
		};
		A45840F424D2668C00414B82 /* Frameworks */ = {
			isa = PBXFrameworksBuildPhase;
			buildActionMask = 2147483647;
			files = (
			);
			runOnlyForDeploymentPostprocessing = 0;
		};
		A45840FC24D2668C00414B82 /* Frameworks */ = {
			isa = PBXFrameworksBuildPhase;
			buildActionMask = 2147483647;
			files = (
			);
			runOnlyForDeploymentPostprocessing = 0;
		};
		A458410724D2668C00414B82 /* Frameworks */ = {
			isa = PBXFrameworksBuildPhase;
			buildActionMask = 2147483647;
			files = (
			);
			runOnlyForDeploymentPostprocessing = 0;
		};
		A4FBC94324D3482000CB6BB5 /* Frameworks */ = {
			isa = PBXFrameworksBuildPhase;
			buildActionMask = 2147483647;
			files = (
				A4FBC94B24D3482000CB6BB5 /* SwiftUI.framework in Frameworks */,
				A4FBC94924D3482000CB6BB5 /* WidgetKit.framework in Frameworks */,
			);
			runOnlyForDeploymentPostprocessing = 0;
		};
/* End PBXFrameworksBuildPhase section */

/* Begin PBXGroup section */
		A45840E224D2668B00414B82 = {
			isa = PBXGroup;
			children = (
				A45840E724D2668B00414B82 /* Shared */,
				A45840F124D2668C00414B82 /* iOS */,
				A45840F824D2668C00414B82 /* macOS */,
				A458410224D2668C00414B82 /* Tests iOS */,
				A458410D24D2668C00414B82 /* Tests macOS */,
				A4FBC94C24D3482000CB6BB5 /* DesignCodeWidget */,
				A4FBC94724D3482000CB6BB5 /* Frameworks */,
				A45840F024D2668C00414B82 /* Products */,
			);
			sourceTree = "<group>";
		};
		A45840E724D2668B00414B82 /* Shared */ = {
			isa = PBXGroup;
			children = (
				A45840E824D2668B00414B82 /* DesignCodeCourseApp.swift */,
				A4ECA09E24D2837500930BF7 /* Navigation */,
				A4FBC92024D31F7C00CB6BB5 /* Model */,
				A4ECA09F24D2837D00930BF7 /* Items */,
				A4D1C03024D27BE3000E8D37 /* CoursesView.swift */,
				A4FBC92424D32B7000CB6BB5 /* CourseDetail.swift */,
				A4FBC92124D329F800CB6BB5 /* CloseButton.swift */,
				A4ECA0A024D2838C00930BF7 /* CourseList.swift */,
				A45840EA24D2668C00414B82 /* Assets.xcassets */,
			);
			path = Shared;
			sourceTree = "<group>";
		};
		A45840F024D2668C00414B82 /* Products */ = {
			isa = PBXGroup;
			children = (
				A45840EF24D2668C00414B82 /* DesignCodeCourse.app */,
				A45840F724D2668C00414B82 /* DesignCodeCourse.app */,
				A45840FF24D2668C00414B82 /* Tests iOS.xctest */,
				A458410A24D2668C00414B82 /* Tests macOS.xctest */,
				A4FBC94624D3482000CB6BB5 /* DesignCodeWidgetExtension.appex */,
			);
			name = Products;
			sourceTree = "<group>";
		};
		A45840F124D2668C00414B82 /* iOS */ = {
			isa = PBXGroup;
			children = (
				A4FBC93C24D32E6500CB6BB5 /* VisualEffectBlur.swift */,
				A45840F224D2668C00414B82 /* Info.plist */,
			);
			path = iOS;
			sourceTree = "<group>";
		};
		A45840F824D2668C00414B82 /* macOS */ = {
			isa = PBXGroup;
			children = (
				A4FBC93E24D32E6E00CB6BB5 /* VisualEffectBlur.swift */,
				A45840F924D2668C00414B82 /* Info.plist */,
				A45840FA24D2668C00414B82 /* macOS.entitlements */,
			);
			path = macOS;
			sourceTree = "<group>";
		};
		A458410224D2668C00414B82 /* Tests iOS */ = {
			isa = PBXGroup;
			children = (
				A458410324D2668C00414B82 /* Tests_iOS.swift */,
				A458410524D2668C00414B82 /* Info.plist */,
			);
			path = "Tests iOS";
			sourceTree = "<group>";
		};
		A458410D24D2668C00414B82 /* Tests macOS */ = {
			isa = PBXGroup;
			children = (
				A458410E24D2668C00414B82 /* Tests_macOS.swift */,
				A458411024D2668C00414B82 /* Info.plist */,
			);
			path = "Tests macOS";
			sourceTree = "<group>";
		};
		A4ECA09E24D2837500930BF7 /* Navigation */ = {
			isa = PBXGroup;
			children = (
				A45840E924D2668B00414B82 /* ContentView.swift */,
				A4FBC94024D33F1F00CB6BB5 /* TabBar.swift */,
				A4D1C03324D27C85000E8D37 /* Sidebar.swift */,
			);
			path = Navigation;
			sourceTree = "<group>";
		};
		A4ECA09F24D2837D00930BF7 /* Items */ = {
			isa = PBXGroup;
			children = (
				A4ECA09B24D2826100930BF7 /* CourseItem.swift */,
				A4D1C02D24D279D4000E8D37 /* CourseRow.swift */,
			);
			path = Items;
			sourceTree = "<group>";
		};
		A4FBC92024D31F7C00CB6BB5 /* Model */ = {
			isa = PBXGroup;
			children = (
				A4FBC91D24D2AB3400CB6BB5 /* Course.swift */,
				A4FBC92C24D32CB300CB6BB5 /* CourseSection.swift */,
				A4FBC92A24D32CB300CB6BB5 /* Download.swift */,
				A4FBC92924D32CB200CB6BB5 /* GradientModel.swift */,
				A4FBC92724D32CB200CB6BB5 /* Livestream.swift */,
				A4FBC92D24D32CB300CB6BB5 /* LivestreamSection.swift */,
				A4FBC92B24D32CB300CB6BB5 /* Tutorial.swift */,
				A4FBC92824D32CB200CB6BB5 /* TutorialSection.swift */,
			);
			path = Model;
			sourceTree = "<group>";
		};
		A4FBC94724D3482000CB6BB5 /* Frameworks */ = {
			isa = PBXGroup;
			children = (
				A4FBC94824D3482000CB6BB5 /* WidgetKit.framework */,
				A4FBC94A24D3482000CB6BB5 /* SwiftUI.framework */,
			);
			name = Frameworks;
			sourceTree = "<group>";
		};
		A4FBC94C24D3482000CB6BB5 /* DesignCodeWidget */ = {
			isa = PBXGroup;
			children = (
				A4FBC94D24D3482000CB6BB5 /* DesignCodeWidget.swift */,
				A4FBC94F24D3482000CB6BB5 /* DesignCodeWidget.intentdefinition */,
				A4FBC95024D3482200CB6BB5 /* Assets.xcassets */,
				A4FBC95224D3482200CB6BB5 /* Info.plist */,
			);
			path = DesignCodeWidget;
			sourceTree = "<group>";
		};
/* End PBXGroup section */

/* Begin PBXNativeTarget section */
		A45840EE24D2668C00414B82 /* DesignCodeCourse (iOS) */ = {
			isa = PBXNativeTarget;
			buildConfigurationList = A458411924D2668C00414B82 /* Build configuration list for PBXNativeTarget "DesignCodeCourse (iOS)" */;
			buildPhases = (
				A45840EB24D2668C00414B82 /* Sources */,
				A45840EC24D2668C00414B82 /* Frameworks */,
				A45840ED24D2668C00414B82 /* Resources */,
				A4FBC95B24D3482200CB6BB5 /* Embed App Extensions */,
			);
			buildRules = (
			);
			dependencies = (
				A4FBC95624D3482200CB6BB5 /* PBXTargetDependency */,
			);
			name = "DesignCodeCourse (iOS)";
			productName = "DesignCodeCourse (iOS)";
			productReference = A45840EF24D2668C00414B82 /* DesignCodeCourse.app */;
			productType = "com.apple.product-type.application";
		};
		A45840F624D2668C00414B82 /* DesignCodeCourse (macOS) */ = {
			isa = PBXNativeTarget;
			buildConfigurationList = A458411C24D2668C00414B82 /* Build configuration list for PBXNativeTarget "DesignCodeCourse (macOS)" */;
			buildPhases = (
				A45840F324D2668C00414B82 /* Sources */,
				A45840F424D2668C00414B82 /* Frameworks */,
				A45840F524D2668C00414B82 /* Resources */,
			);
			buildRules = (
			);
			dependencies = (
			);
			name = "DesignCodeCourse (macOS)";
			productName = "DesignCodeCourse (macOS)";
			productReference = A45840F724D2668C00414B82 /* DesignCodeCourse.app */;
			productType = "com.apple.product-type.application";
		};
		A45840FE24D2668C00414B82 /* Tests iOS */ = {
			isa = PBXNativeTarget;
			buildConfigurationList = A458411F24D2668C00414B82 /* Build configuration list for PBXNativeTarget "Tests iOS" */;
			buildPhases = (
				A45840FB24D2668C00414B82 /* Sources */,
				A45840FC24D2668C00414B82 /* Frameworks */,
				A45840FD24D2668C00414B82 /* Resources */,
			);
			buildRules = (
			);
			dependencies = (
				A458410124D2668C00414B82 /* PBXTargetDependency */,
			);
			name = "Tests iOS";
			productName = "Tests iOS";
			productReference = A45840FF24D2668C00414B82 /* Tests iOS.xctest */;
			productType = "com.apple.product-type.bundle.ui-testing";
		};
		A458410924D2668C00414B82 /* Tests macOS */ = {
			isa = PBXNativeTarget;
			buildConfigurationList = A458412224D2668C00414B82 /* Build configuration list for PBXNativeTarget "Tests macOS" */;
			buildPhases = (
				A458410624D2668C00414B82 /* Sources */,
				A458410724D2668C00414B82 /* Frameworks */,
				A458410824D2668C00414B82 /* Resources */,
			);
			buildRules = (
			);
			dependencies = (
				A458410C24D2668C00414B82 /* PBXTargetDependency */,
			);
			name = "Tests macOS";
			productName = "Tests macOS";
			productReference = A458410A24D2668C00414B82 /* Tests macOS.xctest */;
			productType = "com.apple.product-type.bundle.ui-testing";
		};
		A4FBC94524D3482000CB6BB5 /* DesignCodeWidgetExtension */ = {
			isa = PBXNativeTarget;
			buildConfigurationList = A4FBC95824D3482200CB6BB5 /* Build configuration list for PBXNativeTarget "DesignCodeWidgetExtension" */;
			buildPhases = (
				A4FBC94224D3482000CB6BB5 /* Sources */,
				A4FBC94324D3482000CB6BB5 /* Frameworks */,
				A4FBC94424D3482000CB6BB5 /* Resources */,
			);
			buildRules = (
			);
			dependencies = (
			);
			name = DesignCodeWidgetExtension;
			productName = DesignCodeWidgetExtension;
			productReference = A4FBC94624D3482000CB6BB5 /* DesignCodeWidgetExtension.appex */;
			productType = "com.apple.product-type.app-extension";
		};
/* End PBXNativeTarget section */

/* Begin PBXProject section */
		A45840E324D2668B00414B82 /* Project object */ = {
			isa = PBXProject;
			attributes = {
				LastSwiftUpdateCheck = 1200;
				LastUpgradeCheck = 1200;
				TargetAttributes = {
					A45840EE24D2668C00414B82 = {
						CreatedOnToolsVersion = 12.0;
					};
					A45840F624D2668C00414B82 = {
						CreatedOnToolsVersion = 12.0;
					};
					A45840FE24D2668C00414B82 = {
						CreatedOnToolsVersion = 12.0;
						TestTargetID = A45840EE24D2668C00414B82;
					};
					A458410924D2668C00414B82 = {
						CreatedOnToolsVersion = 12.0;
						TestTargetID = A45840F624D2668C00414B82;
					};
					A4FBC94524D3482000CB6BB5 = {
						CreatedOnToolsVersion = 12.0;
					};
				};
			};
			buildConfigurationList = A45840E624D2668B00414B82 /* Build configuration list for PBXProject "DesignCodeCourse" */;
			compatibilityVersion = "Xcode 9.3";
			developmentRegion = en;
			hasScannedForEncodings = 0;
			knownRegions = (
				en,
				Base,
			);
			mainGroup = A45840E224D2668B00414B82;
			productRefGroup = A45840F024D2668C00414B82 /* Products */;
			projectDirPath = "";
			projectRoot = "";
			targets = (
				A45840EE24D2668C00414B82 /* DesignCodeCourse (iOS) */,
				A45840F624D2668C00414B82 /* DesignCodeCourse (macOS) */,
				A45840FE24D2668C00414B82 /* Tests iOS */,
				A458410924D2668C00414B82 /* Tests macOS */,
				A4FBC94524D3482000CB6BB5 /* DesignCodeWidgetExtension */,
			);
		};
/* End PBXProject section */

/* Begin PBXResourcesBuildPhase section */
		A45840ED24D2668C00414B82 /* Resources */ = {
			isa = PBXResourcesBuildPhase;
			buildActionMask = 2147483647;
			files = (
				A458411524D2668C00414B82 /* Assets.xcassets in Resources */,
			);
			runOnlyForDeploymentPostprocessing = 0;
		};
		A45840F524D2668C00414B82 /* Resources */ = {
			isa = PBXResourcesBuildPhase;
			buildActionMask = 2147483647;
			files = (
				A458411624D2668C00414B82 /* Assets.xcassets in Resources */,
			);
			runOnlyForDeploymentPostprocessing = 0;
		};
		A45840FD24D2668C00414B82 /* Resources */ = {
			isa = PBXResourcesBuildPhase;
			buildActionMask = 2147483647;
			files = (
			);
			runOnlyForDeploymentPostprocessing = 0;
		};
		A458410824D2668C00414B82 /* Resources */ = {
			isa = PBXResourcesBuildPhase;
			buildActionMask = 2147483647;
			files = (
			);
			runOnlyForDeploymentPostprocessing = 0;
		};
		A4FBC94424D3482000CB6BB5 /* Resources */ = {
			isa = PBXResourcesBuildPhase;
			buildActionMask = 2147483647;
			files = (
				A4FBC95E24D34A0300CB6BB5 /* Assets.xcassets in Resources */,
				A4FBC95124D3482200CB6BB5 /* Assets.xcassets in Resources */,
			);
			runOnlyForDeploymentPostprocessing = 0;
		};
/* End PBXResourcesBuildPhase section */

/* Begin PBXSourcesBuildPhase section */
		A45840EB24D2668C00414B82 /* Sources */ = {
			isa = PBXSourcesBuildPhase;
			buildActionMask = 2147483647;
			files = (
				A4FBC91E24D2AB3400CB6BB5 /* Course.swift in Sources */,
				A4FBC93024D32CB300CB6BB5 /* TutorialSection.swift in Sources */,
				A4FBC94124D33F1F00CB6BB5 /* TabBar.swift in Sources */,
				A4D1C03424D27C85000E8D37 /* Sidebar.swift in Sources */,
				A4ECA09C24D2826100930BF7 /* CourseItem.swift in Sources */,
				A4FBC93A24D32CB300CB6BB5 /* LivestreamSection.swift in Sources */,
				A4FBC93824D32CB300CB6BB5 /* CourseSection.swift in Sources */,
				A4FBC93624D32CB300CB6BB5 /* Tutorial.swift in Sources */,
				A4FBC92524D32B7000CB6BB5 /* CourseDetail.swift in Sources */,
				A4FBC93424D32CB300CB6BB5 /* Download.swift in Sources */,
				A4FBC92224D329F800CB6BB5 /* CloseButton.swift in Sources */,
				A458411324D2668C00414B82 /* ContentView.swift in Sources */,
				A4FBC92E24D32CB300CB6BB5 /* Livestream.swift in Sources */,
				A4FBC95424D3482200CB6BB5 /* DesignCodeWidget.intentdefinition in Sources */,
				A4D1C02E24D279D4000E8D37 /* CourseRow.swift in Sources */,
				A4FBC93224D32CB300CB6BB5 /* GradientModel.swift in Sources */,
				A458411124D2668C00414B82 /* DesignCodeCourseApp.swift in Sources */,
				A4FBC93D24D32E6500CB6BB5 /* VisualEffectBlur.swift in Sources */,
				A4D1C03124D27BE3000E8D37 /* CoursesView.swift in Sources */,
				A4ECA0A124D2838C00930BF7 /* CourseList.swift in Sources */,
			);
			runOnlyForDeploymentPostprocessing = 0;
		};
		A45840F324D2668C00414B82 /* Sources */ = {
			isa = PBXSourcesBuildPhase;
			buildActionMask = 2147483647;
			files = (
				A4FBC91F24D2AB3400CB6BB5 /* Course.swift in Sources */,
				A4FBC93124D32CB300CB6BB5 /* TutorialSection.swift in Sources */,
				A4D1C03524D27C85000E8D37 /* Sidebar.swift in Sources */,
				A4ECA09D24D2826100930BF7 /* CourseItem.swift in Sources */,
				A4FBC93B24D32CB300CB6BB5 /* LivestreamSection.swift in Sources */,
				A4FBC93924D32CB300CB6BB5 /* CourseSection.swift in Sources */,
				A4FBC93724D32CB300CB6BB5 /* Tutorial.swift in Sources */,
				A4FBC92624D32B7000CB6BB5 /* CourseDetail.swift in Sources */,
				A4FBC93524D32CB300CB6BB5 /* Download.swift in Sources */,
				A4FBC92324D329F800CB6BB5 /* CloseButton.swift in Sources */,
				A458411424D2668C00414B82 /* ContentView.swift in Sources */,
				A4FBC92F24D32CB300CB6BB5 /* Livestream.swift in Sources */,
				A4D1C02F24D279D4000E8D37 /* CourseRow.swift in Sources */,
				A4FBC93324D32CB300CB6BB5 /* GradientModel.swift in Sources */,
				A458411224D2668C00414B82 /* DesignCodeCourseApp.swift in Sources */,
				A4FBC93F24D32E6E00CB6BB5 /* VisualEffectBlur.swift in Sources */,
				A4D1C03224D27BE3000E8D37 /* CoursesView.swift in Sources */,
				A4ECA0A224D2838C00930BF7 /* CourseList.swift in Sources */,
			);
			runOnlyForDeploymentPostprocessing = 0;
		};
		A45840FB24D2668C00414B82 /* Sources */ = {
			isa = PBXSourcesBuildPhase;
			buildActionMask = 2147483647;
			files = (
				A458410424D2668C00414B82 /* Tests_iOS.swift in Sources */,
			);
			runOnlyForDeploymentPostprocessing = 0;
		};
		A458410624D2668C00414B82 /* Sources */ = {
			isa = PBXSourcesBuildPhase;
			buildActionMask = 2147483647;
			files = (
				A458410F24D2668C00414B82 /* Tests_macOS.swift in Sources */,
			);
			runOnlyForDeploymentPostprocessing = 0;
		};
		A4FBC94224D3482000CB6BB5 /* Sources */ = {
			isa = PBXSourcesBuildPhase;
			buildActionMask = 2147483647;
			files = (
				A4FBC95D24D349FD00CB6BB5 /* Course.swift in Sources */,
				A4FBC94E24D3482000CB6BB5 /* DesignCodeWidget.swift in Sources */,
				A4FBC95C24D349DF00CB6BB5 /* CourseRow.swift in Sources */,
				A4FBC95324D3482200CB6BB5 /* DesignCodeWidget.intentdefinition in Sources */,
				A4FBC95F24D34A3600CB6BB5 /* CourseSection.swift in Sources */,
			);
			runOnlyForDeploymentPostprocessing = 0;
		};
/* End PBXSourcesBuildPhase section */

/* Begin PBXTargetDependency section */
		A458410124D2668C00414B82 /* PBXTargetDependency */ = {
			isa = PBXTargetDependency;
			target = A45840EE24D2668C00414B82 /* DesignCodeCourse (iOS) */;
			targetProxy = A458410024D2668C00414B82 /* PBXContainerItemProxy */;
		};
		A458410C24D2668C00414B82 /* PBXTargetDependency */ = {
			isa = PBXTargetDependency;
			target = A45840F624D2668C00414B82 /* DesignCodeCourse (macOS) */;
			targetProxy = A458410B24D2668C00414B82 /* PBXContainerItemProxy */;
		};
		A4FBC95624D3482200CB6BB5 /* PBXTargetDependency */ = {
			isa = PBXTargetDependency;
			target = A4FBC94524D3482000CB6BB5 /* DesignCodeWidgetExtension */;
			targetProxy = A4FBC95524D3482200CB6BB5 /* PBXContainerItemProxy */;
		};
/* End PBXTargetDependency section */

/* Begin XCBuildConfiguration section */
		A458411724D2668C00414B82 /* Debug */ = {
			isa = XCBuildConfiguration;
			buildSettings = {
				ALWAYS_SEARCH_USER_PATHS = NO;
				CLANG_ANALYZER_NONNULL = YES;
				CLANG_ANALYZER_NUMBER_OBJECT_CONVERSION = YES_AGGRESSIVE;
				CLANG_CXX_LANGUAGE_STANDARD = "gnu++14";
				CLANG_CXX_LIBRARY = "libc++";
				CLANG_ENABLE_MODULES = YES;
				CLANG_ENABLE_OBJC_ARC = YES;
				CLANG_ENABLE_OBJC_WEAK = YES;
				CLANG_WARN_BLOCK_CAPTURE_AUTORELEASING = YES;
				CLANG_WARN_BOOL_CONVERSION = YES;
				CLANG_WARN_COMMA = YES;
				CLANG_WARN_CONSTANT_CONVERSION = YES;
				CLANG_WARN_DEPRECATED_OBJC_IMPLEMENTATIONS = YES;
				CLANG_WARN_DIRECT_OBJC_ISA_USAGE = YES_ERROR;
				CLANG_WARN_DOCUMENTATION_COMMENTS = YES;
				CLANG_WARN_EMPTY_BODY = YES;
				CLANG_WARN_ENUM_CONVERSION = YES;
				CLANG_WARN_INFINITE_RECURSION = YES;
				CLANG_WARN_INT_CONVERSION = YES;
				CLANG_WARN_NON_LITERAL_NULL_CONVERSION = YES;
				CLANG_WARN_OBJC_IMPLICIT_RETAIN_SELF = YES;
				CLANG_WARN_OBJC_LITERAL_CONVERSION = YES;
				CLANG_WARN_OBJC_ROOT_CLASS = YES_ERROR;
				CLANG_WARN_QUOTED_INCLUDE_IN_FRAMEWORK_HEADER = YES;
				CLANG_WARN_RANGE_LOOP_ANALYSIS = YES;
				CLANG_WARN_STRICT_PROTOTYPES = YES;
				CLANG_WARN_SUSPICIOUS_MOVE = YES;
				CLANG_WARN_UNGUARDED_AVAILABILITY = YES_AGGRESSIVE;
				CLANG_WARN_UNREACHABLE_CODE = YES;
				CLANG_WARN__DUPLICATE_METHOD_MATCH = YES;
				COPY_PHASE_STRIP = NO;
				DEBUG_INFORMATION_FORMAT = dwarf;
				ENABLE_STRICT_OBJC_MSGSEND = YES;
				ENABLE_TESTABILITY = YES;
				GCC_C_LANGUAGE_STANDARD = gnu11;
				GCC_DYNAMIC_NO_PIC = NO;
				GCC_NO_COMMON_BLOCKS = YES;
				GCC_OPTIMIZATION_LEVEL = 0;
				GCC_PREPROCESSOR_DEFINITIONS = (
					"DEBUG=1",
					"$(inherited)",
				);
				GCC_WARN_64_TO_32_BIT_CONVERSION = YES;
				GCC_WARN_ABOUT_RETURN_TYPE = YES_ERROR;
				GCC_WARN_UNDECLARED_SELECTOR = YES;
				GCC_WARN_UNINITIALIZED_AUTOS = YES_AGGRESSIVE;
				GCC_WARN_UNUSED_FUNCTION = YES;
				GCC_WARN_UNUSED_VARIABLE = YES;
				MTL_ENABLE_DEBUG_INFO = INCLUDE_SOURCE;
				MTL_FAST_MATH = YES;
				ONLY_ACTIVE_ARCH = YES;
				SWIFT_ACTIVE_COMPILATION_CONDITIONS = DEBUG;
				SWIFT_OPTIMIZATION_LEVEL = "-Onone";
			};
			name = Debug;
		};
		A458411824D2668C00414B82 /* Release */ = {
			isa = XCBuildConfiguration;
			buildSettings = {
				ALWAYS_SEARCH_USER_PATHS = NO;
				CLANG_ANALYZER_NONNULL = YES;
				CLANG_ANALYZER_NUMBER_OBJECT_CONVERSION = YES_AGGRESSIVE;
				CLANG_CXX_LANGUAGE_STANDARD = "gnu++14";
				CLANG_CXX_LIBRARY = "libc++";
				CLANG_ENABLE_MODULES = YES;
				CLANG_ENABLE_OBJC_ARC = YES;
				CLANG_ENABLE_OBJC_WEAK = YES;
				CLANG_WARN_BLOCK_CAPTURE_AUTORELEASING = YES;
				CLANG_WARN_BOOL_CONVERSION = YES;
				CLANG_WARN_COMMA = YES;
				CLANG_WARN_CONSTANT_CONVERSION = YES;
				CLANG_WARN_DEPRECATED_OBJC_IMPLEMENTATIONS = YES;
				CLANG_WARN_DIRECT_OBJC_ISA_USAGE = YES_ERROR;
				CLANG_WARN_DOCUMENTATION_COMMENTS = YES;
				CLANG_WARN_EMPTY_BODY = YES;
				CLANG_WARN_ENUM_CONVERSION = YES;
				CLANG_WARN_INFINITE_RECURSION = YES;
				CLANG_WARN_INT_CONVERSION = YES;
				CLANG_WARN_NON_LITERAL_NULL_CONVERSION = YES;
				CLANG_WARN_OBJC_IMPLICIT_RETAIN_SELF = YES;
				CLANG_WARN_OBJC_LITERAL_CONVERSION = YES;
				CLANG_WARN_OBJC_ROOT_CLASS = YES_ERROR;
				CLANG_WARN_QUOTED_INCLUDE_IN_FRAMEWORK_HEADER = YES;
				CLANG_WARN_RANGE_LOOP_ANALYSIS = YES;
				CLANG_WARN_STRICT_PROTOTYPES = YES;
				CLANG_WARN_SUSPICIOUS_MOVE = YES;
				CLANG_WARN_UNGUARDED_AVAILABILITY = YES_AGGRESSIVE;
				CLANG_WARN_UNREACHABLE_CODE = YES;
				CLANG_WARN__DUPLICATE_METHOD_MATCH = YES;
				COPY_PHASE_STRIP = NO;
				DEBUG_INFORMATION_FORMAT = "dwarf-with-dsym";
				ENABLE_NS_ASSERTIONS = NO;
				ENABLE_STRICT_OBJC_MSGSEND = YES;
				GCC_C_LANGUAGE_STANDARD = gnu11;
				GCC_NO_COMMON_BLOCKS = YES;
				GCC_WARN_64_TO_32_BIT_CONVERSION = YES;
				GCC_WARN_ABOUT_RETURN_TYPE = YES_ERROR;
				GCC_WARN_UNDECLARED_SELECTOR = YES;
				GCC_WARN_UNINITIALIZED_AUTOS = YES_AGGRESSIVE;
				GCC_WARN_UNUSED_FUNCTION = YES;
				GCC_WARN_UNUSED_VARIABLE = YES;
				MTL_ENABLE_DEBUG_INFO = NO;
				MTL_FAST_MATH = YES;
				SWIFT_COMPILATION_MODE = wholemodule;
				SWIFT_OPTIMIZATION_LEVEL = "-O";
			};
			name = Release;
		};
		A458411A24D2668C00414B82 /* Debug */ = {
			isa = XCBuildConfiguration;
			buildSettings = {
				ALWAYS_EMBED_SWIFT_STANDARD_LIBRARIES = YES;
				ASSETCATALOG_COMPILER_APPICON_NAME = AppIcon;
				ASSETCATALOG_COMPILER_GLOBAL_ACCENT_COLOR_NAME = AccentColor;
				CODE_SIGN_STYLE = Automatic;
				DEVELOPMENT_TEAM = 4479HNAQMJ;
				ENABLE_PREVIEWS = YES;
				INFOPLIST_FILE = iOS/Info.plist;
				IPHONEOS_DEPLOYMENT_TARGET = 14.0;
				LD_RUNPATH_SEARCH_PATHS = (
					"$(inherited)",
					"@executable_path/Frameworks",
				);
				PRODUCT_BUNDLE_IDENTIFIER = com.krezzi.DesignCodeCourse;
				PRODUCT_NAME = DesignCodeCourse;
				SDKROOT = iphoneos;
				SWIFT_VERSION = 5.0;
				TARGETED_DEVICE_FAMILY = "1,2";
			};
			name = Debug;
		};
		A458411B24D2668C00414B82 /* Release */ = {
			isa = XCBuildConfiguration;
			buildSettings = {
				ALWAYS_EMBED_SWIFT_STANDARD_LIBRARIES = YES;
				ASSETCATALOG_COMPILER_APPICON_NAME = AppIcon;
				ASSETCATALOG_COMPILER_GLOBAL_ACCENT_COLOR_NAME = AccentColor;
				CODE_SIGN_STYLE = Automatic;
				DEVELOPMENT_TEAM = 4479HNAQMJ;
				ENABLE_PREVIEWS = YES;
				INFOPLIST_FILE = iOS/Info.plist;
				IPHONEOS_DEPLOYMENT_TARGET = 14.0;
				LD_RUNPATH_SEARCH_PATHS = (
					"$(inherited)",
					"@executable_path/Frameworks",
				);
				PRODUCT_BUNDLE_IDENTIFIER = com.krezzi.DesignCodeCourse;
				PRODUCT_NAME = DesignCodeCourse;
				SDKROOT = iphoneos;
				SWIFT_VERSION = 5.0;
				TARGETED_DEVICE_FAMILY = "1,2";
				VALIDATE_PRODUCT = YES;
			};
			name = Release;
		};
		A458411D24D2668C00414B82 /* Debug */ = {
			isa = XCBuildConfiguration;
			buildSettings = {
				ASSETCATALOG_COMPILER_APPICON_NAME = AppIcon;
				ASSETCATALOG_COMPILER_GLOBAL_ACCENT_COLOR_NAME = AccentColor;
				CODE_SIGN_ENTITLEMENTS = macOS/macOS.entitlements;
				CODE_SIGN_STYLE = Automatic;
				COMBINE_HIDPI_IMAGES = YES;
				DEVELOPMENT_TEAM = 4479HNAQMJ;
				ENABLE_HARDENED_RUNTIME = YES;
				ENABLE_PREVIEWS = YES;
				INFOPLIST_FILE = macOS/Info.plist;
				LD_RUNPATH_SEARCH_PATHS = (
					"$(inherited)",
					"@executable_path/../Frameworks",
				);
				MACOSX_DEPLOYMENT_TARGET = 11.0;
				PRODUCT_BUNDLE_IDENTIFIER = com.krezzi.DesignCodeCourse;
				PRODUCT_NAME = DesignCodeCourse;
				SDKROOT = macosx;
				SWIFT_VERSION = 5.0;
			};
			name = Debug;
		};
		A458411E24D2668C00414B82 /* Release */ = {
			isa = XCBuildConfiguration;
			buildSettings = {
				ASSETCATALOG_COMPILER_APPICON_NAME = AppIcon;
				ASSETCATALOG_COMPILER_GLOBAL_ACCENT_COLOR_NAME = AccentColor;
				CODE_SIGN_ENTITLEMENTS = macOS/macOS.entitlements;
				CODE_SIGN_STYLE = Automatic;
				COMBINE_HIDPI_IMAGES = YES;
				DEVELOPMENT_TEAM = 4479HNAQMJ;
				ENABLE_HARDENED_RUNTIME = YES;
				ENABLE_PREVIEWS = YES;
				INFOPLIST_FILE = macOS/Info.plist;
				LD_RUNPATH_SEARCH_PATHS = (
					"$(inherited)",
					"@executable_path/../Frameworks",
				);
				MACOSX_DEPLOYMENT_TARGET = 11.0;
				PRODUCT_BUNDLE_IDENTIFIER = com.krezzi.DesignCodeCourse;
				PRODUCT_NAME = DesignCodeCourse;
				SDKROOT = macosx;
				SWIFT_VERSION = 5.0;
			};
			name = Release;
		};
		A458412024D2668C00414B82 /* Debug */ = {
			isa = XCBuildConfiguration;
			buildSettings = {
				ALWAYS_EMBED_SWIFT_STANDARD_LIBRARIES = YES;
				CODE_SIGN_STYLE = Automatic;
				DEVELOPMENT_TEAM = 4479HNAQMJ;
				INFOPLIST_FILE = "Tests iOS/Info.plist";
				IPHONEOS_DEPLOYMENT_TARGET = 14.0;
				LD_RUNPATH_SEARCH_PATHS = (
					"$(inherited)",
					"@executable_path/Frameworks",
					"@loader_path/Frameworks",
				);
				PRODUCT_BUNDLE_IDENTIFIER = "com.krezzi.Tests-iOS";
				PRODUCT_NAME = "$(TARGET_NAME)";
				SDKROOT = iphoneos;
				SWIFT_VERSION = 5.0;
				TARGETED_DEVICE_FAMILY = "1,2";
				TEST_TARGET_NAME = "DesignCodeCourse (iOS)";
			};
			name = Debug;
		};
		A458412124D2668C00414B82 /* Release */ = {
			isa = XCBuildConfiguration;
			buildSettings = {
				ALWAYS_EMBED_SWIFT_STANDARD_LIBRARIES = YES;
				CODE_SIGN_STYLE = Automatic;
				DEVELOPMENT_TEAM = 4479HNAQMJ;
				INFOPLIST_FILE = "Tests iOS/Info.plist";
				IPHONEOS_DEPLOYMENT_TARGET = 14.0;
				LD_RUNPATH_SEARCH_PATHS = (
					"$(inherited)",
					"@executable_path/Frameworks",
					"@loader_path/Frameworks",
				);
				PRODUCT_BUNDLE_IDENTIFIER = "com.krezzi.Tests-iOS";
				PRODUCT_NAME = "$(TARGET_NAME)";
				SDKROOT = iphoneos;
				SWIFT_VERSION = 5.0;
				TARGETED_DEVICE_FAMILY = "1,2";
				TEST_TARGET_NAME = "DesignCodeCourse (iOS)";
				VALIDATE_PRODUCT = YES;
			};
			name = Release;
		};
		A458412324D2668C00414B82 /* Debug */ = {
			isa = XCBuildConfiguration;
			buildSettings = {
				ALWAYS_EMBED_SWIFT_STANDARD_LIBRARIES = YES;
				CODE_SIGN_STYLE = Automatic;
				COMBINE_HIDPI_IMAGES = YES;
				DEVELOPMENT_TEAM = 4479HNAQMJ;
				INFOPLIST_FILE = "Tests macOS/Info.plist";
				LD_RUNPATH_SEARCH_PATHS = (
					"$(inherited)",
					"@executable_path/../Frameworks",
					"@loader_path/../Frameworks",
				);
				MACOSX_DEPLOYMENT_TARGET = 11.0;
				PRODUCT_BUNDLE_IDENTIFIER = "com.krezzi.Tests-macOS";
				PRODUCT_NAME = "$(TARGET_NAME)";
				SDKROOT = macosx;
				SWIFT_VERSION = 5.0;
				TEST_TARGET_NAME = "DesignCodeCourse (macOS)";
			};
			name = Debug;
		};
		A458412424D2668C00414B82 /* Release */ = {
			isa = XCBuildConfiguration;
			buildSettings = {
				ALWAYS_EMBED_SWIFT_STANDARD_LIBRARIES = YES;
				CODE_SIGN_STYLE = Automatic;
				COMBINE_HIDPI_IMAGES = YES;
				DEVELOPMENT_TEAM = 4479HNAQMJ;
				INFOPLIST_FILE = "Tests macOS/Info.plist";
				LD_RUNPATH_SEARCH_PATHS = (
					"$(inherited)",
					"@executable_path/../Frameworks",
					"@loader_path/../Frameworks",
				);
				MACOSX_DEPLOYMENT_TARGET = 11.0;
				PRODUCT_BUNDLE_IDENTIFIER = "com.krezzi.Tests-macOS";
				PRODUCT_NAME = "$(TARGET_NAME)";
				SDKROOT = macosx;
				SWIFT_VERSION = 5.0;
				TEST_TARGET_NAME = "DesignCodeCourse (macOS)";
			};
			name = Release;
		};
		A4FBC95924D3482200CB6BB5 /* Debug */ = {
			isa = XCBuildConfiguration;
			buildSettings = {
				ASSETCATALOG_COMPILER_GLOBAL_ACCENT_COLOR_NAME = AccentColor;
				ASSETCATALOG_COMPILER_WIDGET_BACKGROUND_COLOR_NAME = WidgetBackground;
				CODE_SIGN_STYLE = Automatic;
				DEVELOPMENT_TEAM = 4479HNAQMJ;
				INFOPLIST_FILE = DesignCodeWidget/Info.plist;
				IPHONEOS_DEPLOYMENT_TARGET = 14.0;
				LD_RUNPATH_SEARCH_PATHS = (
					"$(inherited)",
					"@executable_path/Frameworks",
					"@executable_path/../../Frameworks",
				);
				PRODUCT_BUNDLE_IDENTIFIER = com.krezzi.DesignCodeCourse.DesignCodeWidget;
				PRODUCT_NAME = "$(TARGET_NAME)";
				SDKROOT = iphoneos;
				SKIP_INSTALL = YES;
				SWIFT_VERSION = 5.0;
				TARGETED_DEVICE_FAMILY = "1,2";
			};
			name = Debug;
		};
		A4FBC95A24D3482200CB6BB5 /* Release */ = {
			isa = XCBuildConfiguration;
			buildSettings = {
				ASSETCATALOG_COMPILER_GLOBAL_ACCENT_COLOR_NAME = AccentColor;
				ASSETCATALOG_COMPILER_WIDGET_BACKGROUND_COLOR_NAME = WidgetBackground;
				CODE_SIGN_STYLE = Automatic;
				DEVELOPMENT_TEAM = 4479HNAQMJ;
				INFOPLIST_FILE = DesignCodeWidget/Info.plist;
				IPHONEOS_DEPLOYMENT_TARGET = 14.0;
				LD_RUNPATH_SEARCH_PATHS = (
					"$(inherited)",
					"@executable_path/Frameworks",
					"@executable_path/../../Frameworks",
				);
				PRODUCT_BUNDLE_IDENTIFIER = com.krezzi.DesignCodeCourse.DesignCodeWidget;
				PRODUCT_NAME = "$(TARGET_NAME)";
				SDKROOT = iphoneos;
				SKIP_INSTALL = YES;
				SWIFT_VERSION = 5.0;
				TARGETED_DEVICE_FAMILY = "1,2";
				VALIDATE_PRODUCT = YES;
			};
			name = Release;
		};
/* End XCBuildConfiguration section */

/* Begin XCConfigurationList section */
		A45840E624D2668B00414B82 /* Build configuration list for PBXProject "DesignCodeCourse" */ = {
			isa = XCConfigurationList;
			buildConfigurations = (
				A458411724D2668C00414B82 /* Debug */,
				A458411824D2668C00414B82 /* Release */,
			);
			defaultConfigurationIsVisible = 0;
			defaultConfigurationName = Release;
		};
		A458411924D2668C00414B82 /* Build configuration list for PBXNativeTarget "DesignCodeCourse (iOS)" */ = {
			isa = XCConfigurationList;
			buildConfigurations = (
				A458411A24D2668C00414B82 /* Debug */,
				A458411B24D2668C00414B82 /* Release */,
			);
			defaultConfigurationIsVisible = 0;
			defaultConfigurationName = Release;
		};
		A458411C24D2668C00414B82 /* Build configuration list for PBXNativeTarget "DesignCodeCourse (macOS)" */ = {
			isa = XCConfigurationList;
			buildConfigurations = (
				A458411D24D2668C00414B82 /* Debug */,
				A458411E24D2668C00414B82 /* Release */,
			);
			defaultConfigurationIsVisible = 0;
			defaultConfigurationName = Release;
		};
		A458411F24D2668C00414B82 /* Build configuration list for PBXNativeTarget "Tests iOS" */ = {
			isa = XCConfigurationList;
			buildConfigurations = (
				A458412024D2668C00414B82 /* Debug */,
				A458412124D2668C00414B82 /* Release */,
			);
			defaultConfigurationIsVisible = 0;
			defaultConfigurationName = Release;
		};
		A458412224D2668C00414B82 /* Build configuration list for PBXNativeTarget "Tests macOS" */ = {
			isa = XCConfigurationList;
			buildConfigurations = (
				A458412324D2668C00414B82 /* Debug */,
				A458412424D2668C00414B82 /* Release */,
			);
			defaultConfigurationIsVisible = 0;
			defaultConfigurationName = Release;
		};
		A4FBC95824D3482200CB6BB5 /* Build configuration list for PBXNativeTarget "DesignCodeWidgetExtension" */ = {
			isa = XCConfigurationList;
			buildConfigurations = (
				A4FBC95924D3482200CB6BB5 /* Debug */,
				A4FBC95A24D3482200CB6BB5 /* Release */,
			);
			defaultConfigurationIsVisible = 0;
			defaultConfigurationName = Release;
		};
/* End XCConfigurationList section */
	};
	rootObject = A45840E324D2668B00414B82 /* Project object */;
}
